{"is_source_file": false, "format": "", "description": "", "external_files": [], "external_methods": [], "published": [], "classes": [], "methods": [], "calls": [], "search-terms": [], "state": 2, "file_id": 5, "knowledge_revision": 15, "git_revision": "0c596b1e2a686674c02aaa9fb3e675d8bdf84309", "hash": "9c4ed7ef73e22b872b8055bec08b8979", "format-version": 4, "code-base-name": "default", "filename": "quicknote_organizer/post_process_status.lock", "revision_history": [{"15": "0c596b1e2a686674c02aaa9fb3e675d8bdf84309"}]}